
Microsoft Visual Studio Solution File, Format Version 12.00
# Visual Studio Version 17
VisualStudioVersion = 17.11.35327.3
MinimumVisualStudioVersion = 10.0.40219.1
Project("{8BC9CEB8-8B4A-11D0-8D11-00A0C91BC942}") = "dzielenie", "dzielenie\dzielenie.vcxproj", "{909B6107-CB2A-49F8-AE56-1AF0619136DB}"
EndProject
Global
	GlobalSection(SolutionConfigurationPlatforms) = preSolution
		Debug|x64 = Debug|x64
		Debug|x86 = Debug|x86
		Release|x64 = Release|x64
		Release|x86 = Release|x86
	EndGlobalSection
	GlobalSection(ProjectConfigurationPlatforms) = postSolution
		{909B6107-CB2A-49F8-AE56-1AF0619136DB}.Debug|x64.ActiveCfg = Debug|x64
		{909B6107-CB2A-49F8-AE56-1AF0619136DB}.Debug|x64.Build.0 = Debug|x64
		{909B6107-CB2A-49F8-AE56-1AF0619136DB}.Debug|x86.ActiveCfg = Debug|Win32
		{909B6107-CB2A-49F8-AE56-1AF0619136DB}.Debug|x86.Build.0 = Debug|Win32
		{909B6107-CB2A-49F8-AE56-1AF0619136DB}.Release|x64.ActiveCfg = Release|x64
		{909B6107-CB2A-49F8-AE56-1AF0619136DB}.Release|x64.Build.0 = Release|x64
		{909B6107-CB2A-49F8-AE56-1AF0619136DB}.Release|x86.ActiveCfg = Release|Win32
		{909B6107-CB2A-49F8-AE56-1AF0619136DB}.Release|x86.Build.0 = Release|Win32
	EndGlobalSection
	GlobalSection(SolutionProperties) = preSolution
		HideSolutionNode = FALSE
	EndGlobalSection
	GlobalSection(ExtensibilityGlobals) = postSolution
		SolutionGuid = {45EB9711-7305-4B16-9F36-05A374017FD6}
	EndGlobalSection
EndGlobal
